
Microsoft Visual Studio Solution File, Format Version 12.00
# Visual Studio Version 16
VisualStudioVersion = 16.0.31112.23
MinimumVisualStudioVersion = 10.0.40219.1
Project("{FAE04EC0-301F-11D3-BF4B-00C04F79EFBC}") = "WebTable", "WebTable\WebTable.csproj", "{3DCB2AE9-72C2-43BE-8DAA-2E6CA57713C7}"
EndProject
Global
	GlobalSection(SolutionConfigurationPlatforms) = preSolution
		Debug|Any CPU = Debug|Any CPU
		Release|Any CPU = Release|Any CPU
	EndGlobalSection
	GlobalSection(ProjectConfigurationPlatforms) = postSolution
		{3DCB2AE9-72C2-43BE-8DAA-2E6CA57713C7}.Debug|Any CPU.ActiveCfg = Debug|Any CPU
		{3DCB2AE9-72C2-43BE-8DAA-2E6CA57713C7}.Debug|Any CPU.Build.0 = Debug|Any CPU
		{3DCB2AE9-72C2-43BE-8DAA-2E6CA57713C7}.Release|Any CPU.ActiveCfg = Release|Any CPU
		{3DCB2AE9-72C2-43BE-8DAA-2E6CA57713C7}.Release|Any CPU.Build.0 = Release|Any CPU
	EndGlobalSection
	GlobalSection(SolutionProperties) = preSolution
		HideSolutionNode = FALSE
	EndGlobalSection
	GlobalSection(ExtensibilityGlobals) = postSolution
		SolutionGuid = {274C2046-4A41-4BD2-8209-0E8331A2B73B}
	EndGlobalSection
EndGlobal
